
Microsoft Visual Studio Solution File, Format Version 12.00
# Visual Studio Version 16
VisualStudioVersion = 16.0.31410.357
MinimumVisualStudioVersion = 10.0.40219.1
Project("{FAE04EC0-301F-11D3-BF4B-00C04F79EFBC}") = "RockSolidTest", "RockSolidTest\RockSolidTest.csproj", "{D233BD28-DAA2-4DCE-B4C7-E00D43C80D1B}"
EndProject
Global
	GlobalSection(SolutionConfigurationPlatforms) = preSolution
		Debug|Any CPU = Debug|Any CPU
		Release|Any CPU = Release|Any CPU
	EndGlobalSection
	GlobalSection(ProjectConfigurationPlatforms) = postSolution
		{D233BD28-DAA2-4DCE-B4C7-E00D43C80D1B}.Debug|Any CPU.ActiveCfg = Debug|Any CPU
		{D233BD28-DAA2-4DCE-B4C7-E00D43C80D1B}.Debug|Any CPU.Build.0 = Debug|Any CPU
		{D233BD28-DAA2-4DCE-B4C7-E00D43C80D1B}.Release|Any CPU.ActiveCfg = Release|Any CPU
		{D233BD28-DAA2-4DCE-B4C7-E00D43C80D1B}.Release|Any CPU.Build.0 = Release|Any CPU
	EndGlobalSection
	GlobalSection(SolutionProperties) = preSolution
		HideSolutionNode = FALSE
	EndGlobalSection
	GlobalSection(ExtensibilityGlobals) = postSolution
		SolutionGuid = {4017A338-D264-4A67-9EED-CDC5B37B53FC}
	EndGlobalSection
EndGlobal
